// !$*UTF8*$!
{
	archiveVersion = 1;
	classes = {
	};
	objectVersion = 46;
	objects = {

/* Begin PBXBuildFile section */
		9DC78BAC1F55E16900B39665 /* AppDelegate.swift in Sources */ = {isa = PBXBuildFile; fileRef = 9DC78BAB1F55E16900B39665 /* AppDelegate.swift */; };
		9DC78BAE1F55E16900B39665 /* ViewController.swift in Sources */ = {isa = PBXBuildFile; fileRef = 9DC78BAD1F55E16900B39665 /* ViewController.swift */; };
		9DC78BB11F55E16900B39665 /* Main.storyboard in Resources */ = {isa = PBXBuildFile; fileRef = 9DC78BAF1F55E16900B39665 /* Main.storyboard */; };
		9DC78BB31F55E16900B39665 /* Assets.xcassets in Resources */ = {isa = PBXBuildFile; fileRef = 9DC78BB21F55E16900B39665 /* Assets.xcassets */; };
		9DC78BB61F55E16900B39665 /* LaunchScreen.storyboard in Resources */ = {isa = PBXBuildFile; fileRef = 9DC78BB41F55E16900B39665 /* LaunchScreen.storyboard */; };
/* End PBXBuildFile section */

/* Begin PBXFileReference section */
		9DC78BA81F55E16900B39665 /* App09CourseIOS.app */ = {isa = PBXFileReference; explicitFileType = wrapper.application; includeInIndex = 0; path = App09CourseIOS.app; sourceTree = BUILT_PRODUCTS_DIR; };
		9DC78BAB1F55E16900B39665 /* AppDelegate.swift */ = {isa = PBXFileReference; lastKnownFileType = sourcecode.swift; path = AppDelegate.swift; sourceTree = "<group>"; };
		9DC78BAD1F55E16900B39665 /* ViewController.swift */ = {isa = PBXFileReference; lastKnownFileType = sourcecode.swift; path = ViewController.swift; sourceTree = "<group>"; };
		9DC78BB01F55E16900B39665 /* Base */ = {isa = PBXFileReference; lastKnownFileType = file.storyboard; name = Base; path = Base.lproj/Main.storyboard; sourceTree = "<group>"; };
		9DC78BB21F55E16900B39665 /* Assets.xcassets */ = {isa = PBXFileReference; lastKnownFileType = folder.assetcatalog; path = Assets.xcassets; sourceTree = "<group>"; };
		9DC78BB51F55E16900B39665 /* Base */ = {isa = PBXFileReference; lastKnownFileType = file.storyboard; name = Base; path = Base.lproj/LaunchScreen.storyboard; sourceTree = "<group>"; };
		9DC78BB71F55E16900B39665 /* Info.plist */ = {isa = PBXFileReference; lastKnownFileType = text.plist.xml; path = Info.plist; sourceTree = "<group>"; };
/* End PBXFileReference section */

/* Begin PBXFrameworksBuildPhase section */
		9DC78BA51F55E16900B39665 /* Frameworks */ = {
			isa = PBXFrameworksBuildPhase;
			buildActionMask = 2147483647;
			files = (
			);
			runOnlyForDeploymentPostprocessing = 0;
		};
/* End PBXFrameworksBuildPhase section */

/* Begin PBXGroup section */
		9DC78B9F1F55E16900B39665 = {
			isa = PBXGroup;
			children = (
				9DC78BAA1F55E16900B39665 /* App09CourseIOS */,
				9DC78BA91F55E16900B39665 /* Products */,
			);
			sourceTree = "<group>";
		};
		9DC78BA91F55E16900B39665 /* Products */ = {
			isa = PBXGroup;
			children = (
				9DC78BA81F55E16900B39665 /* App09CourseIOS.app */,
			);
			name = Products;
			sourceTree = "<group>";
		};
		9DC78BAA1F55E16900B39665 /* App09CourseIOS */ = {
			isa = PBXGroup;
			children = (
				9DC78BAB1F55E16900B39665 /* AppDelegate.swift */,
				9DC78BAD1F55E16900B39665 /* ViewController.swift */,
				9DC78BAF1F55E16900B39665 /* Main.storyboard */,
				9DC78BB21F55E16900B39665 /* Assets.xcassets */,
				9DC78BB41F55E16900B39665 /* LaunchScreen.storyboard */,
				9DC78BB71F55E16900B39665 /* Info.plist */,
			);
			path = App09CourseIOS;
			sourceTree = "<group>";
		};
/* End PBXGroup section */

/* Begin PBXNativeTarget section */
		9DC78BA71F55E16900B39665 /* App09CourseIOS */ = {
			isa = PBXNativeTarget;
			buildConfigurationList = 9DC78BBA1F55E16900B39665 /* Build configuration list for PBXNativeTarget "App09CourseIOS" */;
			buildPhases = (
				9DC78BA41F55E16900B39665 /* Sources */,
				9DC78BA51F55E16900B39665 /* Frameworks */,
				9DC78BA61F55E16900B39665 /* Resources */,
			);
			buildRules = (
			);
			dependencies = (
			);
			name = App09CourseIOS;
			productName = App09CourseIOS;
			productReference = 9DC78BA81F55E16900B39665 /* App09CourseIOS.app */;
			productType = "com.apple.product-type.application";
		};
/* End PBXNativeTarget section */

/* Begin PBXProject section */
		9DC78BA01F55E16900B39665 /* Project object */ = {
			isa = PBXProject;
			attributes = {
				LastSwiftUpdateCheck = 0820;
				LastUpgradeCheck = 0820;
				ORGANIZATIONNAME = Vanilsonvl;
				TargetAttributes = {
					9DC78BA71F55E16900B39665 = {
						CreatedOnToolsVersion = 8.2.1;
						ProvisioningStyle = Automatic;
					};
				};
			};
			buildConfigurationList = 9DC78BA31F55E16900B39665 /* Build configuration list for PBXProject "App09CourseIOS" */;
			compatibilityVersion = "Xcode 3.2";
			developmentRegion = English;
			hasScannedForEncodings = 0;
			knownRegions = (
				en,
				Base,
			);
			mainGroup = 9DC78B9F1F55E16900B39665;
			productRefGroup = 9DC78BA91F55E16900B39665 /* Products */;
			projectDirPath = "";
			projectRoot = "";
			targets = (
				9DC78BA71F55E16900B39665 /* App09CourseIOS */,
			);
		};
/* End PBXProject section */

/* Begin PBXResourcesBuildPhase section */
		9DC78BA61F55E16900B39665 /* Resources */ = {
			isa = PBXResourcesBuildPhase;
			buildActionMask = 2147483647;
			files = (
				9DC78BB61F55E16900B39665 /* LaunchScreen.storyboard in Resources */,
				9DC78BB31F55E16900B39665 /* Assets.xcassets in Resources */,
				9DC78BB11F55E16900B39665 /* Main.storyboard in Resources */,
			);
			runOnlyForDeploymentPostprocessing = 0;
		};
/* End PBXResourcesBuildPhase section */

/* Begin PBXSourcesBuildPhase section */
		9DC78BA41F55E16900B39665 /* Sources */ = {
			isa = PBXSourcesBuildPhase;
			buildActionMask = 2147483647;
			files = (
				9DC78BAE1F55E16900B39665 /* ViewController.swift in Sources */,
				9DC78BAC1F55E16900B39665 /* AppDelegate.swift in Sources */,
			);
			runOnlyForDeploymentPostprocessing = 0;
		};
/* End PBXSourcesBuildPhase section */

/* Begin PBXVariantGroup section */
		9DC78BAF1F55E16900B39665 /* Main.storyboard */ = {
			isa = PBXVariantGroup;
			children = (
				9DC78BB01F55E16900B39665 /* Base */,
			);
			name = Main.storyboard;
			sourceTree = "<group>";
		};
		9DC78BB41F55E16900B39665 /* LaunchScreen.storyboard */ = {
			isa = PBXVariantGroup;
			children = (
				9DC78BB51F55E16900B39665 /* Base */,
			);
			name = LaunchScreen.storyboard;
			sourceTree = "<group>";
		};
/* End PBXVariantGroup section */

/* Begin XCBuildConfiguration section */
		9DC78BB81F55E16900B39665 /* Debug */ = {
			isa = XCBuildConfiguration;
			buildSettings = {
				ALWAYS_SEARCH_USER_PATHS = NO;
				CLANG_ANALYZER_NONNULL = YES;
				CLANG_CXX_LANGUAGE_STANDARD = "gnu++0x";
				CLANG_CXX_LIBRARY = "libc++";
				CLANG_ENABLE_MODULES = YES;
				CLANG_ENABLE_OBJC_ARC = YES;
				CLANG_WARN_BOOL_CONVERSION = YES;
				CLANG_WARN_CONSTANT_CONVERSION = YES;
				CLANG_WARN_DIRECT_OBJC_ISA_USAGE = YES_ERROR;
				CLANG_WARN_DOCUMENTATION_COMMENTS = YES;
				CLANG_WARN_EMPTY_BODY = YES;
				CLANG_WARN_ENUM_CONVERSION = YES;
				CLANG_WARN_INFINITE_RECURSION = YES;
				CLANG_WARN_INT_CONVERSION = YES;
				CLANG_WARN_OBJC_ROOT_CLASS = YES_ERROR;
				CLANG_WARN_SUSPICIOUS_MOVE = YES;
				CLANG_WARN_UNREACHABLE_CODE = YES;
				CLANG_WARN__DUPLICATE_METHOD_MATCH = YES;
				"CODE_SIGN_IDENTITY[sdk=iphoneos*]" = "iPhone Developer";
				COPY_PHASE_STRIP = NO;
				DEBUG_INFORMATION_FORMAT = dwarf;
				ENABLE_STRICT_OBJC_MSGSEND = YES;
				ENABLE_TESTABILITY = YES;
				GCC_C_LANGUAGE_STANDARD = gnu99;
				GCC_DYNAMIC_NO_PIC = NO;
				GCC_NO_COMMON_BLOCKS = YES;
				GCC_OPTIMIZATION_LEVEL = 0;
				GCC_PREPROCESSOR_DEFINITIONS = (
					"DEBUG=1",
					"$(inherited)",
				);
				GCC_WARN_64_TO_32_BIT_CONVERSION = YES;
				GCC_WARN_ABOUT_RETURN_TYPE = YES_ERROR;
				GCC_WARN_UNDECLARED_SELECTOR = YES;
				GCC_WARN_UNINITIALIZED_AUTOS = YES_AGGRESSIVE;
				GCC_WARN_UNUSED_FUNCTION = YES;
				GCC_WARN_UNUSED_VARIABLE = YES;
				IPHONEOS_DEPLOYMENT_TARGET = 10.2;
				MTL_ENABLE_DEBUG_INFO = YES;
				ONLY_ACTIVE_ARCH = YES;
				SDKROOT = iphoneos;
				SWIFT_ACTIVE_COMPILATION_CONDITIONS = DEBUG;
				SWIFT_OPTIMIZATION_LEVEL = "-Onone";
			};
			name = Debug;
		};
		9DC78BB91F55E16900B39665 /* Release */ = {
			isa = XCBuildConfiguration;
			buildSettings = {
				ALWAYS_SEARCH_USER_PATHS = NO;
				CLANG_ANALYZER_NONNULL = YES;
				CLANG_CXX_LANGUAGE_STANDARD = "gnu++0x";
				CLANG_CXX_LIBRARY = "libc++";
				CLANG_ENABLE_MODULES = YES;
				CLANG_ENABLE_OBJC_ARC = YES;
				CLANG_WARN_BOOL_CONVERSION = YES;
				CLANG_WARN_CONSTANT_CONVERSION = YES;
				CLANG_WARN_DIRECT_OBJC_ISA_USAGE = YES_ERROR;
				CLANG_WARN_DOCUMENTATION_COMMENTS = YES;
				CLANG_WARN_EMPTY_BODY = YES;
				CLANG_WARN_ENUM_CONVERSION = YES;
				CLANG_WARN_INFINITE_RECURSION = YES;
				CLANG_WARN_INT_CONVERSION = YES;
				CLANG_WARN_OBJC_ROOT_CLASS = YES_ERROR;
				CLANG_WARN_SUSPICIOUS_MOVE = YES;
				CLANG_WARN_UNREACHABLE_CODE = YES;
				CLANG_WARN__DUPLICATE_METHOD_MATCH = YES;
				"CODE_SIGN_IDENTITY[sdk=iphoneos*]" = "iPhone Developer";
				COPY_PHASE_STRIP = NO;
				DEBUG_INFORMATION_FORMAT = "dwarf-with-dsym";
				ENABLE_NS_ASSERTIONS = NO;
				ENABLE_STRICT_OBJC_MSGSEND = YES;
				GCC_C_LANGUAGE_STANDARD = gnu99;
				GCC_NO_COMMON_BLOCKS = YES;
				GCC_WARN_64_TO_32_BIT_CONVERSION = YES;
				GCC_WARN_ABOUT_RETURN_TYPE = YES_ERROR;
				GCC_WARN_UNDECLARED_SELECTOR = YES;
				GCC_WARN_UNINITIALIZED_AUTOS = YES_AGGRESSIVE;
				GCC_WARN_UNUSED_FUNCTION = YES;
				GCC_WARN_UNUSED_VARIABLE = YES;
				IPHONEOS_DEPLOYMENT_TARGET = 10.2;
				MTL_ENABLE_DEBUG_INFO = NO;
				SDKROOT = iphoneos;
				SWIFT_OPTIMIZATION_LEVEL = "-Owholemodule";
				VALIDATE_PRODUCT = YES;
			};
			name = Release;
		};
		9DC78BBB1F55E16900B39665 /* Debug */ = {
			isa = XCBuildConfiguration;
			buildSettings = {
				ASSETCATALOG_COMPILER_APPICON_NAME = AppIcon;
				INFOPLIST_FILE = App09CourseIOS/Info.plist;
				LD_RUNPATH_SEARCH_PATHS = "$(inherited) @executable_path/Frameworks";
				PRODUCT_BUNDLE_IDENTIFIER = br.com.vanilsonvl.App09CourseIOS;
				PRODUCT_NAME = "$(TARGET_NAME)";
				SWIFT_VERSION = 3.0;
			};
			name = Debug;
		};
		9DC78BBC1F55E16900B39665 /* Release */ = {
			isa = XCBuildConfiguration;
			buildSettings = {
				ASSETCATALOG_COMPILER_APPICON_NAME = AppIcon;
				INFOPLIST_FILE = App09CourseIOS/Info.plist;
				LD_RUNPATH_SEARCH_PATHS = "$(inherited) @executable_path/Frameworks";
				PRODUCT_BUNDLE_IDENTIFIER = br.com.vanilsonvl.App09CourseIOS;
				PRODUCT_NAME = "$(TARGET_NAME)";
				SWIFT_VERSION = 3.0;
			};
			name = Release;
		};
/* End XCBuildConfiguration section */

/* Begin XCConfigurationList section */
		9DC78BA31F55E16900B39665 /* Build configuration list for PBXProject "App09CourseIOS" */ = {
			isa = XCConfigurationList;
			buildConfigurations = (
				9DC78BB81F55E16900B39665 /* Debug */,
				9DC78BB91F55E16900B39665 /* Release */,
			);
			defaultConfigurationIsVisible = 0;
			defaultConfigurationName = Release;
		};
		9DC78BBA1F55E16900B39665 /* Build configuration list for PBXNativeTarget "App09CourseIOS" */ = {
			isa = XCConfigurationList;
			buildConfigurations = (
				9DC78BBB1F55E16900B39665 /* Debug */,
				9DC78BBC1F55E16900B39665 /* Release */,
			);
			defaultConfigurationIsVisible = 0;
		};
/* End XCConfigurationList section */
	};
	rootObject = 9DC78BA01F55E16900B39665 /* Project object */;
}
