// !$*UTF8*$!
{
	archiveVersion = 1;
	classes = {
	};
	objectVersion = 50;
	objects = {

/* Begin PBXBuildFile section */
		B740871AEAB41673BA4E6E59 /* Pods_DownloadFileAlamofireStoreIcloud.framework in Frameworks */ = {isa = PBXBuildFile; fileRef = DD5A09A57E0FE601EBE1C5D4 /* Pods_DownloadFileAlamofireStoreIcloud.framework */; };
		FF6BB5A72144BC480052A728 /* AppDelegate.swift in Sources */ = {isa = PBXBuildFile; fileRef = FF6BB5A62144BC480052A728 /* AppDelegate.swift */; };
		FF6BB5A92144BC480052A728 /* ViewController.swift in Sources */ = {isa = PBXBuildFile; fileRef = FF6BB5A82144BC480052A728 /* ViewController.swift */; };
		FF6BB5AC2144BC480052A728 /* Main.storyboard in Resources */ = {isa = PBXBuildFile; fileRef = FF6BB5AA2144BC480052A728 /* Main.storyboard */; };
		FF6BB5AE2144BC4C0052A728 /* Assets.xcassets in Resources */ = {isa = PBXBuildFile; fileRef = FF6BB5AD2144BC4C0052A728 /* Assets.xcassets */; };
		FF6BB5B12144BC4C0052A728 /* LaunchScreen.storyboard in Resources */ = {isa = PBXBuildFile; fileRef = FF6BB5AF2144BC4C0052A728 /* LaunchScreen.storyboard */; };
/* End PBXBuildFile section */

/* Begin PBXFileReference section */
		42E639A0DCABC87B17BF9BDF /* Pods-DownloadFileAlamofireStoreIcloud.debug.xcconfig */ = {isa = PBXFileReference; includeInIndex = 1; lastKnownFileType = text.xcconfig; name = "Pods-DownloadFileAlamofireStoreIcloud.debug.xcconfig"; path = "Pods/Target Support Files/Pods-DownloadFileAlamofireStoreIcloud/Pods-DownloadFileAlamofireStoreIcloud.debug.xcconfig"; sourceTree = "<group>"; };
		BB866768D3626B042F48AD16 /* Pods-DownloadFileAlamofireStoreIcloud.release.xcconfig */ = {isa = PBXFileReference; includeInIndex = 1; lastKnownFileType = text.xcconfig; name = "Pods-DownloadFileAlamofireStoreIcloud.release.xcconfig"; path = "Pods/Target Support Files/Pods-DownloadFileAlamofireStoreIcloud/Pods-DownloadFileAlamofireStoreIcloud.release.xcconfig"; sourceTree = "<group>"; };
		DD5A09A57E0FE601EBE1C5D4 /* Pods_DownloadFileAlamofireStoreIcloud.framework */ = {isa = PBXFileReference; explicitFileType = wrapper.framework; includeInIndex = 0; path = Pods_DownloadFileAlamofireStoreIcloud.framework; sourceTree = BUILT_PRODUCTS_DIR; };
		FF6BB5A32144BC480052A728 /* DownloadFileAlamofireStoreIcloud.app */ = {isa = PBXFileReference; explicitFileType = wrapper.application; includeInIndex = 0; path = DownloadFileAlamofireStoreIcloud.app; sourceTree = BUILT_PRODUCTS_DIR; };
		FF6BB5A62144BC480052A728 /* AppDelegate.swift */ = {isa = PBXFileReference; lastKnownFileType = sourcecode.swift; path = AppDelegate.swift; sourceTree = "<group>"; };
		FF6BB5A82144BC480052A728 /* ViewController.swift */ = {isa = PBXFileReference; lastKnownFileType = sourcecode.swift; path = ViewController.swift; sourceTree = "<group>"; };
		FF6BB5AB2144BC480052A728 /* Base */ = {isa = PBXFileReference; lastKnownFileType = file.storyboard; name = Base; path = Base.lproj/Main.storyboard; sourceTree = "<group>"; };
		FF6BB5AD2144BC4C0052A728 /* Assets.xcassets */ = {isa = PBXFileReference; lastKnownFileType = folder.assetcatalog; path = Assets.xcassets; sourceTree = "<group>"; };
		FF6BB5B02144BC4C0052A728 /* Base */ = {isa = PBXFileReference; lastKnownFileType = file.storyboard; name = Base; path = Base.lproj/LaunchScreen.storyboard; sourceTree = "<group>"; };
		FF6BB5B22144BC4C0052A728 /* Info.plist */ = {isa = PBXFileReference; lastKnownFileType = text.plist.xml; path = Info.plist; sourceTree = "<group>"; };
/* End PBXFileReference section */

/* Begin PBXFrameworksBuildPhase section */
		FF6BB5A02144BC480052A728 /* Frameworks */ = {
			isa = PBXFrameworksBuildPhase;
			buildActionMask = 2147483647;
			files = (
				B740871AEAB41673BA4E6E59 /* Pods_DownloadFileAlamofireStoreIcloud.framework in Frameworks */,
			);
			runOnlyForDeploymentPostprocessing = 0;
		};
/* End PBXFrameworksBuildPhase section */

/* Begin PBXGroup section */
		1FDA83DA2BD95E1AF4FCC698 /* Pods */ = {
			isa = PBXGroup;
			children = (
				42E639A0DCABC87B17BF9BDF /* Pods-DownloadFileAlamofireStoreIcloud.debug.xcconfig */,
				BB866768D3626B042F48AD16 /* Pods-DownloadFileAlamofireStoreIcloud.release.xcconfig */,
			);
			name = Pods;
			sourceTree = "<group>";
		};
		B636F2DBE6A72AC61E2C7792 /* Frameworks */ = {
			isa = PBXGroup;
			children = (
				DD5A09A57E0FE601EBE1C5D4 /* Pods_DownloadFileAlamofireStoreIcloud.framework */,
			);
			name = Frameworks;
			sourceTree = "<group>";
		};
		FF6BB59A2144BC480052A728 = {
			isa = PBXGroup;
			children = (
				FF6BB5A52144BC480052A728 /* DownloadFileAlamofireStoreIcloud */,
				FF6BB5A42144BC480052A728 /* Products */,
				1FDA83DA2BD95E1AF4FCC698 /* Pods */,
				B636F2DBE6A72AC61E2C7792 /* Frameworks */,
			);
			sourceTree = "<group>";
		};
		FF6BB5A42144BC480052A728 /* Products */ = {
			isa = PBXGroup;
			children = (
				FF6BB5A32144BC480052A728 /* DownloadFileAlamofireStoreIcloud.app */,
			);
			name = Products;
			sourceTree = "<group>";
		};
		FF6BB5A52144BC480052A728 /* DownloadFileAlamofireStoreIcloud */ = {
			isa = PBXGroup;
			children = (
				FF6BB5A62144BC480052A728 /* AppDelegate.swift */,
				FF6BB5A82144BC480052A728 /* ViewController.swift */,
				FF6BB5AA2144BC480052A728 /* Main.storyboard */,
				FF6BB5AD2144BC4C0052A728 /* Assets.xcassets */,
				FF6BB5AF2144BC4C0052A728 /* LaunchScreen.storyboard */,
				FF6BB5B22144BC4C0052A728 /* Info.plist */,
			);
			path = DownloadFileAlamofireStoreIcloud;
			sourceTree = "<group>";
		};
/* End PBXGroup section */

/* Begin PBXNativeTarget section */
		FF6BB5A22144BC480052A728 /* DownloadFileAlamofireStoreIcloud */ = {
			isa = PBXNativeTarget;
			buildConfigurationList = FF6BB5B52144BC4C0052A728 /* Build configuration list for PBXNativeTarget "DownloadFileAlamofireStoreIcloud" */;
			buildPhases = (
				67253E082AAD6CEA95DC77A8 /* [CP] Check Pods Manifest.lock */,
				FF6BB59F2144BC480052A728 /* Sources */,
				FF6BB5A02144BC480052A728 /* Frameworks */,
				FF6BB5A12144BC480052A728 /* Resources */,
				180F5AE710B5E2F54F3F8C6A /* [CP] Embed Pods Frameworks */,
			);
			buildRules = (
			);
			dependencies = (
			);
			name = DownloadFileAlamofireStoreIcloud;
			productName = DownloadFileAlamofireStoreIcloud;
			productReference = FF6BB5A32144BC480052A728 /* DownloadFileAlamofireStoreIcloud.app */;
			productType = "com.apple.product-type.application";
		};
/* End PBXNativeTarget section */

/* Begin PBXProject section */
		FF6BB59B2144BC480052A728 /* Project object */ = {
			isa = PBXProject;
			attributes = {
				LastSwiftUpdateCheck = 0940;
				LastUpgradeCheck = 0940;
				ORGANIZATIONNAME = "Vanilson NiLL";
				TargetAttributes = {
					FF6BB5A22144BC480052A728 = {
						CreatedOnToolsVersion = 9.4.1;
					};
				};
			};
			buildConfigurationList = FF6BB59E2144BC480052A728 /* Build configuration list for PBXProject "DownloadFileAlamofireStoreIcloud" */;
			compatibilityVersion = "Xcode 9.3";
			developmentRegion = en;
			hasScannedForEncodings = 0;
			knownRegions = (
				en,
				Base,
			);
			mainGroup = FF6BB59A2144BC480052A728;
			productRefGroup = FF6BB5A42144BC480052A728 /* Products */;
			projectDirPath = "";
			projectRoot = "";
			targets = (
				FF6BB5A22144BC480052A728 /* DownloadFileAlamofireStoreIcloud */,
			);
		};
/* End PBXProject section */

/* Begin PBXResourcesBuildPhase section */
		FF6BB5A12144BC480052A728 /* Resources */ = {
			isa = PBXResourcesBuildPhase;
			buildActionMask = 2147483647;
			files = (
				FF6BB5B12144BC4C0052A728 /* LaunchScreen.storyboard in Resources */,
				FF6BB5AE2144BC4C0052A728 /* Assets.xcassets in Resources */,
				FF6BB5AC2144BC480052A728 /* Main.storyboard in Resources */,
			);
			runOnlyForDeploymentPostprocessing = 0;
		};
/* End PBXResourcesBuildPhase section */

/* Begin PBXShellScriptBuildPhase section */
		180F5AE710B5E2F54F3F8C6A /* [CP] Embed Pods Frameworks */ = {
			isa = PBXShellScriptBuildPhase;
			buildActionMask = 2147483647;
			files = (
			);
			inputPaths = (
				"${SRCROOT}/Pods/Target Support Files/Pods-DownloadFileAlamofireStoreIcloud/Pods-DownloadFileAlamofireStoreIcloud-frameworks.sh",
				"${BUILT_PRODUCTS_DIR}/Alamofire/Alamofire.framework",
			);
			name = "[CP] Embed Pods Frameworks";
			outputPaths = (
				"${TARGET_BUILD_DIR}/${FRAMEWORKS_FOLDER_PATH}/Alamofire.framework",
			);
			runOnlyForDeploymentPostprocessing = 0;
			shellPath = /bin/sh;
			shellScript = "\"${SRCROOT}/Pods/Target Support Files/Pods-DownloadFileAlamofireStoreIcloud/Pods-DownloadFileAlamofireStoreIcloud-frameworks.sh\"\n";
			showEnvVarsInLog = 0;
		};
		67253E082AAD6CEA95DC77A8 /* [CP] Check Pods Manifest.lock */ = {
			isa = PBXShellScriptBuildPhase;
			buildActionMask = 2147483647;
			files = (
			);
			inputPaths = (
				"${PODS_PODFILE_DIR_PATH}/Podfile.lock",
				"${PODS_ROOT}/Manifest.lock",
			);
			name = "[CP] Check Pods Manifest.lock";
			outputPaths = (
				"$(DERIVED_FILE_DIR)/Pods-DownloadFileAlamofireStoreIcloud-checkManifestLockResult.txt",
			);
			runOnlyForDeploymentPostprocessing = 0;
			shellPath = /bin/sh;
			shellScript = "diff \"${PODS_PODFILE_DIR_PATH}/Podfile.lock\" \"${PODS_ROOT}/Manifest.lock\" > /dev/null\nif [ $? != 0 ] ; then\n    # print error to STDERR\n    echo \"error: The sandbox is not in sync with the Podfile.lock. Run 'pod install' or update your CocoaPods installation.\" >&2\n    exit 1\nfi\n# This output is used by Xcode 'outputs' to avoid re-running this script phase.\necho \"SUCCESS\" > \"${SCRIPT_OUTPUT_FILE_0}\"\n";
			showEnvVarsInLog = 0;
		};
/* End PBXShellScriptBuildPhase section */

/* Begin PBXSourcesBuildPhase section */
		FF6BB59F2144BC480052A728 /* Sources */ = {
			isa = PBXSourcesBuildPhase;
			buildActionMask = 2147483647;
			files = (
				FF6BB5A92144BC480052A728 /* ViewController.swift in Sources */,
				FF6BB5A72144BC480052A728 /* AppDelegate.swift in Sources */,
			);
			runOnlyForDeploymentPostprocessing = 0;
		};
/* End PBXSourcesBuildPhase section */

/* Begin PBXVariantGroup section */
		FF6BB5AA2144BC480052A728 /* Main.storyboard */ = {
			isa = PBXVariantGroup;
			children = (
				FF6BB5AB2144BC480052A728 /* Base */,
			);
			name = Main.storyboard;
			sourceTree = "<group>";
		};
		FF6BB5AF2144BC4C0052A728 /* LaunchScreen.storyboard */ = {
			isa = PBXVariantGroup;
			children = (
				FF6BB5B02144BC4C0052A728 /* Base */,
			);
			name = LaunchScreen.storyboard;
			sourceTree = "<group>";
		};
/* End PBXVariantGroup section */

/* Begin XCBuildConfiguration section */
		FF6BB5B32144BC4C0052A728 /* Debug */ = {
			isa = XCBuildConfiguration;
			buildSettings = {
				ALWAYS_SEARCH_USER_PATHS = NO;
				CLANG_ANALYZER_NONNULL = YES;
				CLANG_ANALYZER_NUMBER_OBJECT_CONVERSION = YES_AGGRESSIVE;
				CLANG_CXX_LANGUAGE_STANDARD = "gnu++14";
				CLANG_CXX_LIBRARY = "libc++";
				CLANG_ENABLE_MODULES = YES;
				CLANG_ENABLE_OBJC_ARC = YES;
				CLANG_ENABLE_OBJC_WEAK = YES;
				CLANG_WARN_BLOCK_CAPTURE_AUTORELEASING = YES;
				CLANG_WARN_BOOL_CONVERSION = YES;
				CLANG_WARN_COMMA = YES;
				CLANG_WARN_CONSTANT_CONVERSION = YES;
				CLANG_WARN_DEPRECATED_OBJC_IMPLEMENTATIONS = YES;
				CLANG_WARN_DIRECT_OBJC_ISA_USAGE = YES_ERROR;
				CLANG_WARN_DOCUMENTATION_COMMENTS = YES;
				CLANG_WARN_EMPTY_BODY = YES;
				CLANG_WARN_ENUM_CONVERSION = YES;
				CLANG_WARN_INFINITE_RECURSION = YES;
				CLANG_WARN_INT_CONVERSION = YES;
				CLANG_WARN_NON_LITERAL_NULL_CONVERSION = YES;
				CLANG_WARN_OBJC_IMPLICIT_RETAIN_SELF = YES;
				CLANG_WARN_OBJC_LITERAL_CONVERSION = YES;
				CLANG_WARN_OBJC_ROOT_CLASS = YES_ERROR;
				CLANG_WARN_RANGE_LOOP_ANALYSIS = YES;
				CLANG_WARN_STRICT_PROTOTYPES = YES;
				CLANG_WARN_SUSPICIOUS_MOVE = YES;
				CLANG_WARN_UNGUARDED_AVAILABILITY = YES_AGGRESSIVE;
				CLANG_WARN_UNREACHABLE_CODE = YES;
				CLANG_WARN__DUPLICATE_METHOD_MATCH = YES;
				CODE_SIGN_IDENTITY = "iPhone Developer";
				COPY_PHASE_STRIP = NO;
				DEBUG_INFORMATION_FORMAT = dwarf;
				ENABLE_STRICT_OBJC_MSGSEND = YES;
				ENABLE_TESTABILITY = YES;
				GCC_C_LANGUAGE_STANDARD = gnu11;
				GCC_DYNAMIC_NO_PIC = NO;
				GCC_NO_COMMON_BLOCKS = YES;
				GCC_OPTIMIZATION_LEVEL = 0;
				GCC_PREPROCESSOR_DEFINITIONS = (
					"DEBUG=1",
					"$(inherited)",
				);
				GCC_WARN_64_TO_32_BIT_CONVERSION = YES;
				GCC_WARN_ABOUT_RETURN_TYPE = YES_ERROR;
				GCC_WARN_UNDECLARED_SELECTOR = YES;
				GCC_WARN_UNINITIALIZED_AUTOS = YES_AGGRESSIVE;
				GCC_WARN_UNUSED_FUNCTION = YES;
				GCC_WARN_UNUSED_VARIABLE = YES;
				IPHONEOS_DEPLOYMENT_TARGET = 11.4;
				MTL_ENABLE_DEBUG_INFO = YES;
				ONLY_ACTIVE_ARCH = YES;
				SDKROOT = iphoneos;
				SWIFT_ACTIVE_COMPILATION_CONDITIONS = DEBUG;
				SWIFT_OPTIMIZATION_LEVEL = "-Onone";
			};
			name = Debug;
		};
		FF6BB5B42144BC4C0052A728 /* Release */ = {
			isa = XCBuildConfiguration;
			buildSettings = {
				ALWAYS_SEARCH_USER_PATHS = NO;
				CLANG_ANALYZER_NONNULL = YES;
				CLANG_ANALYZER_NUMBER_OBJECT_CONVERSION = YES_AGGRESSIVE;
				CLANG_CXX_LANGUAGE_STANDARD = "gnu++14";
				CLANG_CXX_LIBRARY = "libc++";
				CLANG_ENABLE_MODULES = YES;
				CLANG_ENABLE_OBJC_ARC = YES;
				CLANG_ENABLE_OBJC_WEAK = YES;
				CLANG_WARN_BLOCK_CAPTURE_AUTORELEASING = YES;
				CLANG_WARN_BOOL_CONVERSION = YES;
				CLANG_WARN_COMMA = YES;
				CLANG_WARN_CONSTANT_CONVERSION = YES;
				CLANG_WARN_DEPRECATED_OBJC_IMPLEMENTATIONS = YES;
				CLANG_WARN_DIRECT_OBJC_ISA_USAGE = YES_ERROR;
				CLANG_WARN_DOCUMENTATION_COMMENTS = YES;
				CLANG_WARN_EMPTY_BODY = YES;
				CLANG_WARN_ENUM_CONVERSION = YES;
				CLANG_WARN_INFINITE_RECURSION = YES;
				CLANG_WARN_INT_CONVERSION = YES;
				CLANG_WARN_NON_LITERAL_NULL_CONVERSION = YES;
				CLANG_WARN_OBJC_IMPLICIT_RETAIN_SELF = YES;
				CLANG_WARN_OBJC_LITERAL_CONVERSION = YES;
				CLANG_WARN_OBJC_ROOT_CLASS = YES_ERROR;
				CLANG_WARN_RANGE_LOOP_ANALYSIS = YES;
				CLANG_WARN_STRICT_PROTOTYPES = YES;
				CLANG_WARN_SUSPICIOUS_MOVE = YES;
				CLANG_WARN_UNGUARDED_AVAILABILITY = YES_AGGRESSIVE;
				CLANG_WARN_UNREACHABLE_CODE = YES;
				CLANG_WARN__DUPLICATE_METHOD_MATCH = YES;
				CODE_SIGN_IDENTITY = "iPhone Developer";
				COPY_PHASE_STRIP = NO;
				DEBUG_INFORMATION_FORMAT = "dwarf-with-dsym";
				ENABLE_NS_ASSERTIONS = NO;
				ENABLE_STRICT_OBJC_MSGSEND = YES;
				GCC_C_LANGUAGE_STANDARD = gnu11;
				GCC_NO_COMMON_BLOCKS = YES;
				GCC_WARN_64_TO_32_BIT_CONVERSION = YES;
				GCC_WARN_ABOUT_RETURN_TYPE = YES_ERROR;
				GCC_WARN_UNDECLARED_SELECTOR = YES;
				GCC_WARN_UNINITIALIZED_AUTOS = YES_AGGRESSIVE;
				GCC_WARN_UNUSED_FUNCTION = YES;
				GCC_WARN_UNUSED_VARIABLE = YES;
				IPHONEOS_DEPLOYMENT_TARGET = 11.4;
				MTL_ENABLE_DEBUG_INFO = NO;
				SDKROOT = iphoneos;
				SWIFT_COMPILATION_MODE = wholemodule;
				SWIFT_OPTIMIZATION_LEVEL = "-O";
				VALIDATE_PRODUCT = YES;
			};
			name = Release;
		};
		FF6BB5B62144BC4C0052A728 /* Debug */ = {
			isa = XCBuildConfiguration;
			baseConfigurationReference = 42E639A0DCABC87B17BF9BDF /* Pods-DownloadFileAlamofireStoreIcloud.debug.xcconfig */;
			buildSettings = {
				ASSETCATALOG_COMPILER_APPICON_NAME = AppIcon;
				CODE_SIGN_STYLE = Automatic;
				DEVELOPMENT_TEAM = 95Z42PK3TR;
				INFOPLIST_FILE = DownloadFileAlamofireStoreIcloud/Info.plist;
				IPHONEOS_DEPLOYMENT_TARGET = 8.0;
				LD_RUNPATH_SEARCH_PATHS = "$(inherited) @executable_path/Frameworks";
				PRODUCT_BUNDLE_IDENTIFIER = com.vanilsonvl.DownloadFileAlamofireStoreIcloud;
				PRODUCT_NAME = "$(TARGET_NAME)";
				SWIFT_VERSION = 4.0;
				TARGETED_DEVICE_FAMILY = "1,2";
			};
			name = Debug;
		};
		FF6BB5B72144BC4C0052A728 /* Release */ = {
			isa = XCBuildConfiguration;
			baseConfigurationReference = BB866768D3626B042F48AD16 /* Pods-DownloadFileAlamofireStoreIcloud.release.xcconfig */;
			buildSettings = {
				ASSETCATALOG_COMPILER_APPICON_NAME = AppIcon;
				CODE_SIGN_STYLE = Automatic;
				DEVELOPMENT_TEAM = 95Z42PK3TR;
				INFOPLIST_FILE = DownloadFileAlamofireStoreIcloud/Info.plist;
				IPHONEOS_DEPLOYMENT_TARGET = 8.0;
				LD_RUNPATH_SEARCH_PATHS = "$(inherited) @executable_path/Frameworks";
				PRODUCT_BUNDLE_IDENTIFIER = com.vanilsonvl.DownloadFileAlamofireStoreIcloud;
				PRODUCT_NAME = "$(TARGET_NAME)";
				SWIFT_VERSION = 4.0;
				TARGETED_DEVICE_FAMILY = "1,2";
			};
			name = Release;
		};
/* End XCBuildConfiguration section */

/* Begin XCConfigurationList section */
		FF6BB59E2144BC480052A728 /* Build configuration list for PBXProject "DownloadFileAlamofireStoreIcloud" */ = {
			isa = XCConfigurationList;
			buildConfigurations = (
				FF6BB5B32144BC4C0052A728 /* Debug */,
				FF6BB5B42144BC4C0052A728 /* Release */,
			);
			defaultConfigurationIsVisible = 0;
			defaultConfigurationName = Release;
		};
		FF6BB5B52144BC4C0052A728 /* Build configuration list for PBXNativeTarget "DownloadFileAlamofireStoreIcloud" */ = {
			isa = XCConfigurationList;
			buildConfigurations = (
				FF6BB5B62144BC4C0052A728 /* Debug */,
				FF6BB5B72144BC4C0052A728 /* Release */,
			);
			defaultConfigurationIsVisible = 0;
			defaultConfigurationName = Release;
		};
/* End XCConfigurationList section */
	};
	rootObject = FF6BB59B2144BC480052A728 /* Project object */;
}
